
Microsoft Visual Studio Solution File, Format Version 12.00
# Visual Studio Version 16
VisualStudioVersion = 16.0.29728.190
MinimumVisualStudioVersion = 10.0.40219.1
Project("{FAE04EC0-301F-11D3-BF4B-00C04F79EFBC}") = "Shop", "Shop\Shop.csproj", "{9B66A11B-7C36-4107-AE03-3454CB7ACC3C}"
EndProject
Global
	GlobalSection(SolutionConfigurationPlatforms) = preSolution
		Debug|Any CPU = Debug|Any CPU
		Release|Any CPU = Release|Any CPU
	EndGlobalSection
	GlobalSection(ProjectConfigurationPlatforms) = postSolution
		{9B66A11B-7C36-4107-AE03-3454CB7ACC3C}.Debug|Any CPU.ActiveCfg = Debug|Any CPU
		{9B66A11B-7C36-4107-AE03-3454CB7ACC3C}.Debug|Any CPU.Build.0 = Debug|Any CPU
		{9B66A11B-7C36-4107-AE03-3454CB7ACC3C}.Release|Any CPU.ActiveCfg = Release|Any CPU
		{9B66A11B-7C36-4107-AE03-3454CB7ACC3C}.Release|Any CPU.Build.0 = Release|Any CPU
	EndGlobalSection
	GlobalSection(SolutionProperties) = preSolution
		HideSolutionNode = FALSE
	EndGlobalSection
	GlobalSection(ExtensibilityGlobals) = postSolution
		SolutionGuid = {A020CA30-59C9-455C-92DC-30F203B40703}
	EndGlobalSection
EndGlobal
